// !$*UTF8*$!
{
	archiveVersion = 1;
	classes = {
	};
	objectVersion = 51;
	objects = {

/* Begin PBXBuildFile section */
		58B2D264F2C3FED2989D931F /* Pods_makuy_makuyUITests.framework in Frameworks */ = {isa = PBXBuildFile; fileRef = 3E6651E4D3067AA9A7130296 /* Pods_makuy_makuyUITests.framework */; };
		B42E59DA56A1562E85A8149F /* Pods_makuy.framework in Frameworks */ = {isa = PBXBuildFile; fileRef = 4D926685FEEF7DF9BE33D6EC /* Pods_makuy.framework */; };
		B7ADEFB4A5533E1450D4A293 /* Pods_makuyTests.framework in Frameworks */ = {isa = PBXBuildFile; fileRef = BD2CBF152458AA34E02C7D89 /* Pods_makuyTests.framework */; };
		F780690E2331283600B2A8F9 /* CustomCell.swift in Sources */ = {isa = PBXBuildFile; fileRef = F780690C2331283600B2A8F9 /* CustomCell.swift */; };
		F780690F2331283600B2A8F9 /* CustomCell.xib in Resources */ = {isa = PBXBuildFile; fileRef = F780690D2331283600B2A8F9 /* CustomCell.xib */; };
		F780691223314A3800B2A8F9 /* FormVC.swift in Sources */ = {isa = PBXBuildFile; fileRef = F780691123314A3800B2A8F9 /* FormVC.swift */; };
		F7B462162331DA4900B1E80B /* HomeVC.swift in Sources */ = {isa = PBXBuildFile; fileRef = F7B462152331DA4900B1E80B /* HomeVC.swift */; };
		F7D02A262330CAEC00DFFC55 /* AppDelegate.swift in Sources */ = {isa = PBXBuildFile; fileRef = F7D02A252330CAEC00DFFC55 /* AppDelegate.swift */; };
		F7D02A2B2330CAEC00DFFC55 /* Main.storyboard in Resources */ = {isa = PBXBuildFile; fileRef = F7D02A292330CAEC00DFFC55 /* Main.storyboard */; };
		F7D02A2E2330CAEC00DFFC55 /* makuy.xcdatamodeld in Sources */ = {isa = PBXBuildFile; fileRef = F7D02A2C2330CAEC00DFFC55 /* makuy.xcdatamodeld */; };
		F7D02A302330CAEE00DFFC55 /* Assets.xcassets in Resources */ = {isa = PBXBuildFile; fileRef = F7D02A2F2330CAEE00DFFC55 /* Assets.xcassets */; };
		F7D02A332330CAEE00DFFC55 /* LaunchScreen.storyboard in Resources */ = {isa = PBXBuildFile; fileRef = F7D02A312330CAEE00DFFC55 /* LaunchScreen.storyboard */; };
		F7D02A3E2330CAEE00DFFC55 /* makuyTests.swift in Sources */ = {isa = PBXBuildFile; fileRef = F7D02A3D2330CAEE00DFFC55 /* makuyTests.swift */; };
		F7D02A492330CAEE00DFFC55 /* makuyUITests.swift in Sources */ = {isa = PBXBuildFile; fileRef = F7D02A482330CAEE00DFFC55 /* makuyUITests.swift */; };
/* End PBXBuildFile section */

/* Begin PBXContainerItemProxy section */
		F7D02A3A2330CAEE00DFFC55 /* PBXContainerItemProxy */ = {
			isa = PBXContainerItemProxy;
			containerPortal = F7D02A1A2330CAEC00DFFC55 /* Project object */;
			proxyType = 1;
			remoteGlobalIDString = F7D02A212330CAEC00DFFC55;
			remoteInfo = makuy;
		};
		F7D02A452330CAEE00DFFC55 /* PBXContainerItemProxy */ = {
			isa = PBXContainerItemProxy;
			containerPortal = F7D02A1A2330CAEC00DFFC55 /* Project object */;
			proxyType = 1;
			remoteGlobalIDString = F7D02A212330CAEC00DFFC55;
			remoteInfo = makuy;
		};
/* End PBXContainerItemProxy section */

/* Begin PBXFileReference section */
		016DD927D03FDE592E47EF86 /* Pods-makuyTests.release.xcconfig */ = {isa = PBXFileReference; includeInIndex = 1; lastKnownFileType = text.xcconfig; name = "Pods-makuyTests.release.xcconfig"; path = "Target Support Files/Pods-makuyTests/Pods-makuyTests.release.xcconfig"; sourceTree = "<group>"; };
		02313C7B2D15F6C6A6370C53 /* Pods-makuy.debug.xcconfig */ = {isa = PBXFileReference; includeInIndex = 1; lastKnownFileType = text.xcconfig; name = "Pods-makuy.debug.xcconfig"; path = "Target Support Files/Pods-makuy/Pods-makuy.debug.xcconfig"; sourceTree = "<group>"; };
		03660116C8E1A693F44D406C /* Pods-makuy-makuyUITests.release.xcconfig */ = {isa = PBXFileReference; includeInIndex = 1; lastKnownFileType = text.xcconfig; name = "Pods-makuy-makuyUITests.release.xcconfig"; path = "Target Support Files/Pods-makuy-makuyUITests/Pods-makuy-makuyUITests.release.xcconfig"; sourceTree = "<group>"; };
		3E6651E4D3067AA9A7130296 /* Pods_makuy_makuyUITests.framework */ = {isa = PBXFileReference; explicitFileType = wrapper.framework; includeInIndex = 0; path = Pods_makuy_makuyUITests.framework; sourceTree = BUILT_PRODUCTS_DIR; };
		4D926685FEEF7DF9BE33D6EC /* Pods_makuy.framework */ = {isa = PBXFileReference; explicitFileType = wrapper.framework; includeInIndex = 0; path = Pods_makuy.framework; sourceTree = BUILT_PRODUCTS_DIR; };
		67FAACCD4EC60501C868A307 /* Pods-makuyTests.debug.xcconfig */ = {isa = PBXFileReference; includeInIndex = 1; lastKnownFileType = text.xcconfig; name = "Pods-makuyTests.debug.xcconfig"; path = "Target Support Files/Pods-makuyTests/Pods-makuyTests.debug.xcconfig"; sourceTree = "<group>"; };
		BD2CBF152458AA34E02C7D89 /* Pods_makuyTests.framework */ = {isa = PBXFileReference; explicitFileType = wrapper.framework; includeInIndex = 0; path = Pods_makuyTests.framework; sourceTree = BUILT_PRODUCTS_DIR; };
		D2E9E5756B5EF5532EE6ACE2 /* Pods-makuy-makuyUITests.debug.xcconfig */ = {isa = PBXFileReference; includeInIndex = 1; lastKnownFileType = text.xcconfig; name = "Pods-makuy-makuyUITests.debug.xcconfig"; path = "Target Support Files/Pods-makuy-makuyUITests/Pods-makuy-makuyUITests.debug.xcconfig"; sourceTree = "<group>"; };
		D7A6501EAAE1024633090C7E /* Pods-makuy.release.xcconfig */ = {isa = PBXFileReference; includeInIndex = 1; lastKnownFileType = text.xcconfig; name = "Pods-makuy.release.xcconfig"; path = "Target Support Files/Pods-makuy/Pods-makuy.release.xcconfig"; sourceTree = "<group>"; };
		F780690C2331283600B2A8F9 /* CustomCell.swift */ = {isa = PBXFileReference; lastKnownFileType = sourcecode.swift; path = CustomCell.swift; sourceTree = "<group>"; };
		F780690D2331283600B2A8F9 /* CustomCell.xib */ = {isa = PBXFileReference; lastKnownFileType = file.xib; path = CustomCell.xib; sourceTree = "<group>"; };
		F780691123314A3800B2A8F9 /* FormVC.swift */ = {isa = PBXFileReference; lastKnownFileType = sourcecode.swift; path = FormVC.swift; sourceTree = "<group>"; };
		F7B462152331DA4900B1E80B /* HomeVC.swift */ = {isa = PBXFileReference; lastKnownFileType = sourcecode.swift; path = HomeVC.swift; sourceTree = "<group>"; };
		F7D02A222330CAEC00DFFC55 /* makuy.app */ = {isa = PBXFileReference; explicitFileType = wrapper.application; includeInIndex = 0; path = makuy.app; sourceTree = BUILT_PRODUCTS_DIR; };
		F7D02A252330CAEC00DFFC55 /* AppDelegate.swift */ = {isa = PBXFileReference; lastKnownFileType = sourcecode.swift; path = AppDelegate.swift; sourceTree = "<group>"; };
		F7D02A2A2330CAEC00DFFC55 /* Base */ = {isa = PBXFileReference; lastKnownFileType = file.storyboard; name = Base; path = Base.lproj/Main.storyboard; sourceTree = "<group>"; };
		F7D02A2D2330CAEC00DFFC55 /* makuy.xcdatamodel */ = {isa = PBXFileReference; lastKnownFileType = wrapper.xcdatamodel; path = makuy.xcdatamodel; sourceTree = "<group>"; };
		F7D02A2F2330CAEE00DFFC55 /* Assets.xcassets */ = {isa = PBXFileReference; lastKnownFileType = folder.assetcatalog; path = Assets.xcassets; sourceTree = "<group>"; };
		F7D02A322330CAEE00DFFC55 /* Base */ = {isa = PBXFileReference; lastKnownFileType = file.storyboard; name = Base; path = Base.lproj/LaunchScreen.storyboard; sourceTree = "<group>"; };
		F7D02A342330CAEE00DFFC55 /* Info.plist */ = {isa = PBXFileReference; lastKnownFileType = text.plist.xml; path = Info.plist; sourceTree = "<group>"; };
		F7D02A392330CAEE00DFFC55 /* makuyTests.xctest */ = {isa = PBXFileReference; explicitFileType = wrapper.cfbundle; includeInIndex = 0; path = makuyTests.xctest; sourceTree = BUILT_PRODUCTS_DIR; };
		F7D02A3D2330CAEE00DFFC55 /* makuyTests.swift */ = {isa = PBXFileReference; lastKnownFileType = sourcecode.swift; path = makuyTests.swift; sourceTree = "<group>"; };
		F7D02A3F2330CAEE00DFFC55 /* Info.plist */ = {isa = PBXFileReference; lastKnownFileType = text.plist.xml; path = Info.plist; sourceTree = "<group>"; };
		F7D02A442330CAEE00DFFC55 /* makuyUITests.xctest */ = {isa = PBXFileReference; explicitFileType = wrapper.cfbundle; includeInIndex = 0; path = makuyUITests.xctest; sourceTree = BUILT_PRODUCTS_DIR; };
		F7D02A482330CAEE00DFFC55 /* makuyUITests.swift */ = {isa = PBXFileReference; lastKnownFileType = sourcecode.swift; path = makuyUITests.swift; sourceTree = "<group>"; };
		F7D02A4A2330CAEE00DFFC55 /* Info.plist */ = {isa = PBXFileReference; lastKnownFileType = text.plist.xml; path = Info.plist; sourceTree = "<group>"; };
/* End PBXFileReference section */

/* Begin PBXFrameworksBuildPhase section */
		F7D02A1F2330CAEC00DFFC55 /* Frameworks */ = {
			isa = PBXFrameworksBuildPhase;
			buildActionMask = 2147483647;
			files = (
				B42E59DA56A1562E85A8149F /* Pods_makuy.framework in Frameworks */,
			);
			runOnlyForDeploymentPostprocessing = 0;
		};
		F7D02A362330CAEE00DFFC55 /* Frameworks */ = {
			isa = PBXFrameworksBuildPhase;
			buildActionMask = 2147483647;
			files = (
				B7ADEFB4A5533E1450D4A293 /* Pods_makuyTests.framework in Frameworks */,
			);
			runOnlyForDeploymentPostprocessing = 0;
		};
		F7D02A412330CAEE00DFFC55 /* Frameworks */ = {
			isa = PBXFrameworksBuildPhase;
			buildActionMask = 2147483647;
			files = (
				58B2D264F2C3FED2989D931F /* Pods_makuy_makuyUITests.framework in Frameworks */,
			);
			runOnlyForDeploymentPostprocessing = 0;
		};
/* End PBXFrameworksBuildPhase section */

/* Begin PBXGroup section */
		182BB4D98F4058847994A302 /* Frameworks */ = {
			isa = PBXGroup;
			children = (
				4D926685FEEF7DF9BE33D6EC /* Pods_makuy.framework */,
				3E6651E4D3067AA9A7130296 /* Pods_makuy_makuyUITests.framework */,
				BD2CBF152458AA34E02C7D89 /* Pods_makuyTests.framework */,
			);
			name = Frameworks;
			sourceTree = "<group>";
		};
		A5C6F07E8EC431CC6E76E320 /* Pods */ = {
			isa = PBXGroup;
			children = (
				02313C7B2D15F6C6A6370C53 /* Pods-makuy.debug.xcconfig */,
				D7A6501EAAE1024633090C7E /* Pods-makuy.release.xcconfig */,
				D2E9E5756B5EF5532EE6ACE2 /* Pods-makuy-makuyUITests.debug.xcconfig */,
				03660116C8E1A693F44D406C /* Pods-makuy-makuyUITests.release.xcconfig */,
				67FAACCD4EC60501C868A307 /* Pods-makuyTests.debug.xcconfig */,
				016DD927D03FDE592E47EF86 /* Pods-makuyTests.release.xcconfig */,
			);
			path = Pods;
			sourceTree = "<group>";
		};
		F7806910233149F500B2A8F9 /* Add eating event */ = {
			isa = PBXGroup;
			children = (
				F780691123314A3800B2A8F9 /* FormVC.swift */,
			);
			path = "Add eating event";
			sourceTree = "<group>";
		};
		F7B462182332A1E300B1E80B /* Classes */ = {
			isa = PBXGroup;
			children = (
			);
			path = Classes;
			sourceTree = "<group>";
		};
		F7D02A192330CAEC00DFFC55 = {
			isa = PBXGroup;
			children = (
				F7D02A242330CAEC00DFFC55 /* makuy */,
				F7D02A3C2330CAEE00DFFC55 /* makuyTests */,
				F7D02A472330CAEE00DFFC55 /* makuyUITests */,
				F7D02A232330CAEC00DFFC55 /* Products */,
				A5C6F07E8EC431CC6E76E320 /* Pods */,
				182BB4D98F4058847994A302 /* Frameworks */,
			);
			sourceTree = "<group>";
		};
		F7D02A232330CAEC00DFFC55 /* Products */ = {
			isa = PBXGroup;
			children = (
				F7D02A222330CAEC00DFFC55 /* makuy.app */,
				F7D02A392330CAEE00DFFC55 /* makuyTests.xctest */,
				F7D02A442330CAEE00DFFC55 /* makuyUITests.xctest */,
			);
			name = Products;
			sourceTree = "<group>";
		};
		F7D02A242330CAEC00DFFC55 /* makuy */ = {
			isa = PBXGroup;
			children = (
				F7D02A252330CAEC00DFFC55 /* AppDelegate.swift */,
				F7D02A292330CAEC00DFFC55 /* Main.storyboard */,
				F7D02A2F2330CAEE00DFFC55 /* Assets.xcassets */,
				F7D02A312330CAEE00DFFC55 /* LaunchScreen.storyboard */,
				F7D02A342330CAEE00DFFC55 /* Info.plist */,
				F7D02A2C2330CAEC00DFFC55 /* makuy.xcdatamodeld */,
				F7B462182332A1E300B1E80B /* Classes */,
				F7D02A582330CF3500DFFC55 /* Homescreen */,
				F7806910233149F500B2A8F9 /* Add eating event */,
			);
			path = makuy;
			sourceTree = "<group>";
		};
		F7D02A3C2330CAEE00DFFC55 /* makuyTests */ = {
			isa = PBXGroup;
			children = (
				F7D02A3D2330CAEE00DFFC55 /* makuyTests.swift */,
				F7D02A3F2330CAEE00DFFC55 /* Info.plist */,
			);
			path = makuyTests;
			sourceTree = "<group>";
		};
		F7D02A472330CAEE00DFFC55 /* makuyUITests */ = {
			isa = PBXGroup;
			children = (
				F7D02A482330CAEE00DFFC55 /* makuyUITests.swift */,
				F7D02A4A2330CAEE00DFFC55 /* Info.plist */,
			);
			path = makuyUITests;
			sourceTree = "<group>";
		};
		F7D02A582330CF3500DFFC55 /* Homescreen */ = {
			isa = PBXGroup;
			children = (
				F7B462152331DA4900B1E80B /* HomeVC.swift */,
				F780690C2331283600B2A8F9 /* CustomCell.swift */,
				F780690D2331283600B2A8F9 /* CustomCell.xib */,
			);
			path = Homescreen;
			sourceTree = "<group>";
		};
/* End PBXGroup section */

/* Begin PBXNativeTarget section */
		F7D02A212330CAEC00DFFC55 /* makuy */ = {
			isa = PBXNativeTarget;
			buildConfigurationList = F7D02A4D2330CAEE00DFFC55 /* Build configuration list for PBXNativeTarget "makuy" */;
			buildPhases = (
				4710081BE00A698CB084876F /* [CP] Check Pods Manifest.lock */,
				F7D02A1E2330CAEC00DFFC55 /* Sources */,
				F7D02A1F2330CAEC00DFFC55 /* Frameworks */,
				F7D02A202330CAEC00DFFC55 /* Resources */,
				96BBD89DB94805A7CFA4FE43 /* [CP] Embed Pods Frameworks */,
			);
			buildRules = (
			);
			dependencies = (
			);
			name = makuy;
			productName = makuy;
			productReference = F7D02A222330CAEC00DFFC55 /* makuy.app */;
			productType = "com.apple.product-type.application";
		};
		F7D02A382330CAEE00DFFC55 /* makuyTests */ = {
			isa = PBXNativeTarget;
			buildConfigurationList = F7D02A502330CAEE00DFFC55 /* Build configuration list for PBXNativeTarget "makuyTests" */;
			buildPhases = (
				7B9D7E2AB7A71F7C17B036A1 /* [CP] Check Pods Manifest.lock */,
				F7D02A352330CAEE00DFFC55 /* Sources */,
				F7D02A362330CAEE00DFFC55 /* Frameworks */,
				F7D02A372330CAEE00DFFC55 /* Resources */,
			);
			buildRules = (
			);
			dependencies = (
				F7D02A3B2330CAEE00DFFC55 /* PBXTargetDependency */,
			);
			name = makuyTests;
			productName = makuyTests;
			productReference = F7D02A392330CAEE00DFFC55 /* makuyTests.xctest */;
			productType = "com.apple.product-type.bundle.unit-test";
		};
		F7D02A432330CAEE00DFFC55 /* makuyUITests */ = {
			isa = PBXNativeTarget;
			buildConfigurationList = F7D02A532330CAEE00DFFC55 /* Build configuration list for PBXNativeTarget "makuyUITests" */;
			buildPhases = (
				662E36F137F782EA592DC0B0 /* [CP] Check Pods Manifest.lock */,
				F7D02A402330CAEE00DFFC55 /* Sources */,
				F7D02A412330CAEE00DFFC55 /* Frameworks */,
				F7D02A422330CAEE00DFFC55 /* Resources */,
				4D1CB3C71AC6A7D30C1E06B3 /* [CP] Embed Pods Frameworks */,
			);
			buildRules = (
			);
			dependencies = (
				F7D02A462330CAEE00DFFC55 /* PBXTargetDependency */,
			);
			name = makuyUITests;
			productName = makuyUITests;
			productReference = F7D02A442330CAEE00DFFC55 /* makuyUITests.xctest */;
			productType = "com.apple.product-type.bundle.ui-testing";
		};
/* End PBXNativeTarget section */

/* Begin PBXProject section */
		F7D02A1A2330CAEC00DFFC55 /* Project object */ = {
			isa = PBXProject;
			attributes = {
				LastSwiftUpdateCheck = 1030;
				LastUpgradeCheck = 1030;
				ORGANIZATIONNAME = "Eibiel Sardjanto";
				TargetAttributes = {
					F7D02A212330CAEC00DFFC55 = {
						CreatedOnToolsVersion = 10.3;
					};
					F7D02A382330CAEE00DFFC55 = {
						CreatedOnToolsVersion = 10.3;
						TestTargetID = F7D02A212330CAEC00DFFC55;
					};
					F7D02A432330CAEE00DFFC55 = {
						CreatedOnToolsVersion = 10.3;
						TestTargetID = F7D02A212330CAEC00DFFC55;
					};
				};
			};
			buildConfigurationList = F7D02A1D2330CAEC00DFFC55 /* Build configuration list for PBXProject "makuy" */;
			compatibilityVersion = "Xcode 9.3";
			developmentRegion = en;
			hasScannedForEncodings = 0;
			knownRegions = (
				en,
				Base,
			);
			mainGroup = F7D02A192330CAEC00DFFC55;
			productRefGroup = F7D02A232330CAEC00DFFC55 /* Products */;
			projectDirPath = "";
			projectRoot = "";
			targets = (
				F7D02A212330CAEC00DFFC55 /* makuy */,
				F7D02A382330CAEE00DFFC55 /* makuyTests */,
				F7D02A432330CAEE00DFFC55 /* makuyUITests */,
			);
		};
/* End PBXProject section */

/* Begin PBXResourcesBuildPhase section */
		F7D02A202330CAEC00DFFC55 /* Resources */ = {
			isa = PBXResourcesBuildPhase;
			buildActionMask = 2147483647;
			files = (
				F7D02A332330CAEE00DFFC55 /* LaunchScreen.storyboard in Resources */,
				F7D02A302330CAEE00DFFC55 /* Assets.xcassets in Resources */,
				F780690F2331283600B2A8F9 /* CustomCell.xib in Resources */,
				F7D02A2B2330CAEC00DFFC55 /* Main.storyboard in Resources */,
			);
			runOnlyForDeploymentPostprocessing = 0;
		};
		F7D02A372330CAEE00DFFC55 /* Resources */ = {
			isa = PBXResourcesBuildPhase;
			buildActionMask = 2147483647;
			files = (
			);
			runOnlyForDeploymentPostprocessing = 0;
		};
		F7D02A422330CAEE00DFFC55 /* Resources */ = {
			isa = PBXResourcesBuildPhase;
			buildActionMask = 2147483647;
			files = (
			);
			runOnlyForDeploymentPostprocessing = 0;
		};
/* End PBXResourcesBuildPhase section */

/* Begin PBXShellScriptBuildPhase section */
		4710081BE00A698CB084876F /* [CP] Check Pods Manifest.lock */ = {
			isa = PBXShellScriptBuildPhase;
			buildActionMask = 2147483647;
			files = (
			);
			inputFileListPaths = (
			);
			inputPaths = (
				"${PODS_PODFILE_DIR_PATH}/Podfile.lock",
				"${PODS_ROOT}/Manifest.lock",
			);
			name = "[CP] Check Pods Manifest.lock";
			outputFileListPaths = (
			);
			outputPaths = (
				"$(DERIVED_FILE_DIR)/Pods-makuy-checkManifestLockResult.txt",
			);
			runOnlyForDeploymentPostprocessing = 0;
			shellPath = /bin/sh;
			shellScript = "diff \"${PODS_PODFILE_DIR_PATH}/Podfile.lock\" \"${PODS_ROOT}/Manifest.lock\" > /dev/null\nif [ $? != 0 ] ; then\n    # print error to STDERR\n    echo \"error: The sandbox is not in sync with the Podfile.lock. Run 'pod install' or update your CocoaPods installation.\" >&2\n    exit 1\nfi\n# This output is used by Xcode 'outputs' to avoid re-running this script phase.\necho \"SUCCESS\" > \"${SCRIPT_OUTPUT_FILE_0}\"\n";
			showEnvVarsInLog = 0;
		};
		4D1CB3C71AC6A7D30C1E06B3 /* [CP] Embed Pods Frameworks */ = {
			isa = PBXShellScriptBuildPhase;
			buildActionMask = 2147483647;
			files = (
			);
			inputFileListPaths = (
				"${PODS_ROOT}/Target Support Files/Pods-makuy-makuyUITests/Pods-makuy-makuyUITests-frameworks-${CONFIGURATION}-input-files.xcfilelist",
			);
			name = "[CP] Embed Pods Frameworks";
			outputFileListPaths = (
				"${PODS_ROOT}/Target Support Files/Pods-makuy-makuyUITests/Pods-makuy-makuyUITests-frameworks-${CONFIGURATION}-output-files.xcfilelist",
			);
			runOnlyForDeploymentPostprocessing = 0;
			shellPath = /bin/sh;
			shellScript = "\"${PODS_ROOT}/Target Support Files/Pods-makuy-makuyUITests/Pods-makuy-makuyUITests-frameworks.sh\"\n";
			showEnvVarsInLog = 0;
		};
		662E36F137F782EA592DC0B0 /* [CP] Check Pods Manifest.lock */ = {
			isa = PBXShellScriptBuildPhase;
			buildActionMask = 2147483647;
			files = (
			);
			inputFileListPaths = (
			);
			inputPaths = (
				"${PODS_PODFILE_DIR_PATH}/Podfile.lock",
				"${PODS_ROOT}/Manifest.lock",
			);
			name = "[CP] Check Pods Manifest.lock";
			outputFileListPaths = (
			);
			outputPaths = (
				"$(DERIVED_FILE_DIR)/Pods-makuy-makuyUITests-checkManifestLockResult.txt",
			);
			runOnlyForDeploymentPostprocessing = 0;
			shellPath = /bin/sh;
			shellScript = "diff \"${PODS_PODFILE_DIR_PATH}/Podfile.lock\" \"${PODS_ROOT}/Manifest.lock\" > /dev/null\nif [ $? != 0 ] ; then\n    # print error to STDERR\n    echo \"error: The sandbox is not in sync with the Podfile.lock. Run 'pod install' or update your CocoaPods installation.\" >&2\n    exit 1\nfi\n# This output is used by Xcode 'outputs' to avoid re-running this script phase.\necho \"SUCCESS\" > \"${SCRIPT_OUTPUT_FILE_0}\"\n";
			showEnvVarsInLog = 0;
		};
		7B9D7E2AB7A71F7C17B036A1 /* [CP] Check Pods Manifest.lock */ = {
			isa = PBXShellScriptBuildPhase;
			buildActionMask = 2147483647;
			files = (
			);
			inputFileListPaths = (
			);
			inputPaths = (
				"${PODS_PODFILE_DIR_PATH}/Podfile.lock",
				"${PODS_ROOT}/Manifest.lock",
			);
			name = "[CP] Check Pods Manifest.lock";
			outputFileListPaths = (
			);
			outputPaths = (
				"$(DERIVED_FILE_DIR)/Pods-makuyTests-checkManifestLockResult.txt",
			);
			runOnlyForDeploymentPostprocessing = 0;
			shellPath = /bin/sh;
			shellScript = "diff \"${PODS_PODFILE_DIR_PATH}/Podfile.lock\" \"${PODS_ROOT}/Manifest.lock\" > /dev/null\nif [ $? != 0 ] ; then\n    # print error to STDERR\n    echo \"error: The sandbox is not in sync with the Podfile.lock. Run 'pod install' or update your CocoaPods installation.\" >&2\n    exit 1\nfi\n# This output is used by Xcode 'outputs' to avoid re-running this script phase.\necho \"SUCCESS\" > \"${SCRIPT_OUTPUT_FILE_0}\"\n";
			showEnvVarsInLog = 0;
		};
		96BBD89DB94805A7CFA4FE43 /* [CP] Embed Pods Frameworks */ = {
			isa = PBXShellScriptBuildPhase;
			buildActionMask = 2147483647;
			files = (
			);
			inputFileListPaths = (
				"${PODS_ROOT}/Target Support Files/Pods-makuy/Pods-makuy-frameworks-${CONFIGURATION}-input-files.xcfilelist",
			);
			name = "[CP] Embed Pods Frameworks";
			outputFileListPaths = (
				"${PODS_ROOT}/Target Support Files/Pods-makuy/Pods-makuy-frameworks-${CONFIGURATION}-output-files.xcfilelist",
			);
			runOnlyForDeploymentPostprocessing = 0;
			shellPath = /bin/sh;
			shellScript = "\"${PODS_ROOT}/Target Support Files/Pods-makuy/Pods-makuy-frameworks.sh\"\n";
			showEnvVarsInLog = 0;
		};
/* End PBXShellScriptBuildPhase section */

/* Begin PBXSourcesBuildPhase section */
		F7D02A1E2330CAEC00DFFC55 /* Sources */ = {
			isa = PBXSourcesBuildPhase;
			buildActionMask = 2147483647;
			files = (
				F780691223314A3800B2A8F9 /* FormVC.swift in Sources */,
				F7B462162331DA4900B1E80B /* HomeVC.swift in Sources */,
				F7D02A262330CAEC00DFFC55 /* AppDelegate.swift in Sources */,
				F780690E2331283600B2A8F9 /* CustomCell.swift in Sources */,
				F7D02A2E2330CAEC00DFFC55 /* makuy.xcdatamodeld in Sources */,
			);
			runOnlyForDeploymentPostprocessing = 0;
		};
		F7D02A352330CAEE00DFFC55 /* Sources */ = {
			isa = PBXSourcesBuildPhase;
			buildActionMask = 2147483647;
			files = (
				F7D02A3E2330CAEE00DFFC55 /* makuyTests.swift in Sources */,
			);
			runOnlyForDeploymentPostprocessing = 0;
		};
		F7D02A402330CAEE00DFFC55 /* Sources */ = {
			isa = PBXSourcesBuildPhase;
			buildActionMask = 2147483647;
			files = (
				F7D02A492330CAEE00DFFC55 /* makuyUITests.swift in Sources */,
			);
			runOnlyForDeploymentPostprocessing = 0;
		};
/* End PBXSourcesBuildPhase section */

/* Begin PBXTargetDependency section */
		F7D02A3B2330CAEE00DFFC55 /* PBXTargetDependency */ = {
			isa = PBXTargetDependency;
			target = F7D02A212330CAEC00DFFC55 /* makuy */;
			targetProxy = F7D02A3A2330CAEE00DFFC55 /* PBXContainerItemProxy */;
		};
		F7D02A462330CAEE00DFFC55 /* PBXTargetDependency */ = {
			isa = PBXTargetDependency;
			target = F7D02A212330CAEC00DFFC55 /* makuy */;
			targetProxy = F7D02A452330CAEE00DFFC55 /* PBXContainerItemProxy */;
		};
/* End PBXTargetDependency section */

/* Begin PBXVariantGroup section */
		F7D02A292330CAEC00DFFC55 /* Main.storyboard */ = {
			isa = PBXVariantGroup;
			children = (
				F7D02A2A2330CAEC00DFFC55 /* Base */,
			);
			name = Main.storyboard;
			sourceTree = "<group>";
		};
		F7D02A312330CAEE00DFFC55 /* LaunchScreen.storyboard */ = {
			isa = PBXVariantGroup;
			children = (
				F7D02A322330CAEE00DFFC55 /* Base */,
			);
			name = LaunchScreen.storyboard;
			sourceTree = "<group>";
		};
/* End PBXVariantGroup section */

/* Begin XCBuildConfiguration section */
		F7D02A4B2330CAEE00DFFC55 /* Debug */ = {
			isa = XCBuildConfiguration;
			buildSettings = {
				ALWAYS_SEARCH_USER_PATHS = NO;
				CLANG_ANALYZER_NONNULL = YES;
				CLANG_ANALYZER_NUMBER_OBJECT_CONVERSION = YES_AGGRESSIVE;
				CLANG_CXX_LANGUAGE_STANDARD = "gnu++14";
				CLANG_CXX_LIBRARY = "libc++";
				CLANG_ENABLE_MODULES = YES;
				CLANG_ENABLE_OBJC_ARC = YES;
				CLANG_ENABLE_OBJC_WEAK = YES;
				CLANG_WARN_BLOCK_CAPTURE_AUTORELEASING = YES;
				CLANG_WARN_BOOL_CONVERSION = YES;
				CLANG_WARN_COMMA = YES;
				CLANG_WARN_CONSTANT_CONVERSION = YES;
				CLANG_WARN_DEPRECATED_OBJC_IMPLEMENTATIONS = YES;
				CLANG_WARN_DIRECT_OBJC_ISA_USAGE = YES_ERROR;
				CLANG_WARN_DOCUMENTATION_COMMENTS = YES;
				CLANG_WARN_EMPTY_BODY = YES;
				CLANG_WARN_ENUM_CONVERSION = YES;
				CLANG_WARN_INFINITE_RECURSION = YES;
				CLANG_WARN_INT_CONVERSION = YES;
				CLANG_WARN_NON_LITERAL_NULL_CONVERSION = YES;
				CLANG_WARN_OBJC_IMPLICIT_RETAIN_SELF = YES;
				CLANG_WARN_OBJC_LITERAL_CONVERSION = YES;
				CLANG_WARN_OBJC_ROOT_CLASS = YES_ERROR;
				CLANG_WARN_RANGE_LOOP_ANALYSIS = YES;
				CLANG_WARN_STRICT_PROTOTYPES = YES;
				CLANG_WARN_SUSPICIOUS_MOVE = YES;
				CLANG_WARN_UNGUARDED_AVAILABILITY = YES_AGGRESSIVE;
				CLANG_WARN_UNREACHABLE_CODE = YES;
				CLANG_WARN__DUPLICATE_METHOD_MATCH = YES;
				CODE_SIGN_IDENTITY = "iPhone Developer";
				COPY_PHASE_STRIP = NO;
				DEBUG_INFORMATION_FORMAT = dwarf;
				ENABLE_STRICT_OBJC_MSGSEND = YES;
				ENABLE_TESTABILITY = YES;
				GCC_C_LANGUAGE_STANDARD = gnu11;
				GCC_DYNAMIC_NO_PIC = NO;
				GCC_NO_COMMON_BLOCKS = YES;
				GCC_OPTIMIZATION_LEVEL = 0;
				GCC_PREPROCESSOR_DEFINITIONS = (
					"DEBUG=1",
					"$(inherited)",
				);
				GCC_WARN_64_TO_32_BIT_CONVERSION = YES;
				GCC_WARN_ABOUT_RETURN_TYPE = YES_ERROR;
				GCC_WARN_UNDECLARED_SELECTOR = YES;
				GCC_WARN_UNINITIALIZED_AUTOS = YES_AGGRESSIVE;
				GCC_WARN_UNUSED_FUNCTION = YES;
				GCC_WARN_UNUSED_VARIABLE = YES;
				IPHONEOS_DEPLOYMENT_TARGET = 12.4;
				MTL_ENABLE_DEBUG_INFO = INCLUDE_SOURCE;
				MTL_FAST_MATH = YES;
				ONLY_ACTIVE_ARCH = YES;
				SDKROOT = iphoneos;
				SWIFT_ACTIVE_COMPILATION_CONDITIONS = DEBUG;
				SWIFT_OPTIMIZATION_LEVEL = "-Onone";
			};
			name = Debug;
		};
		F7D02A4C2330CAEE00DFFC55 /* Release */ = {
			isa = XCBuildConfiguration;
			buildSettings = {
				ALWAYS_SEARCH_USER_PATHS = NO;
				CLANG_ANALYZER_NONNULL = YES;
				CLANG_ANALYZER_NUMBER_OBJECT_CONVERSION = YES_AGGRESSIVE;
				CLANG_CXX_LANGUAGE_STANDARD = "gnu++14";
				CLANG_CXX_LIBRARY = "libc++";
				CLANG_ENABLE_MODULES = YES;
				CLANG_ENABLE_OBJC_ARC = YES;
				CLANG_ENABLE_OBJC_WEAK = YES;
				CLANG_WARN_BLOCK_CAPTURE_AUTORELEASING = YES;
				CLANG_WARN_BOOL_CONVERSION = YES;
				CLANG_WARN_COMMA = YES;
				CLANG_WARN_CONSTANT_CONVERSION = YES;
				CLANG_WARN_DEPRECATED_OBJC_IMPLEMENTATIONS = YES;
				CLANG_WARN_DIRECT_OBJC_ISA_USAGE = YES_ERROR;
				CLANG_WARN_DOCUMENTATION_COMMENTS = YES;
				CLANG_WARN_EMPTY_BODY = YES;
				CLANG_WARN_ENUM_CONVERSION = YES;
				CLANG_WARN_INFINITE_RECURSION = YES;
				CLANG_WARN_INT_CONVERSION = YES;
				CLANG_WARN_NON_LITERAL_NULL_CONVERSION = YES;
				CLANG_WARN_OBJC_IMPLICIT_RETAIN_SELF = YES;
				CLANG_WARN_OBJC_LITERAL_CONVERSION = YES;
				CLANG_WARN_OBJC_ROOT_CLASS = YES_ERROR;
				CLANG_WARN_RANGE_LOOP_ANALYSIS = YES;
				CLANG_WARN_STRICT_PROTOTYPES = YES;
				CLANG_WARN_SUSPICIOUS_MOVE = YES;
				CLANG_WARN_UNGUARDED_AVAILABILITY = YES_AGGRESSIVE;
				CLANG_WARN_UNREACHABLE_CODE = YES;
				CLANG_WARN__DUPLICATE_METHOD_MATCH = YES;
				CODE_SIGN_IDENTITY = "iPhone Developer";
				COPY_PHASE_STRIP = NO;
				DEBUG_INFORMATION_FORMAT = "dwarf-with-dsym";
				ENABLE_NS_ASSERTIONS = NO;
				ENABLE_STRICT_OBJC_MSGSEND = YES;
				GCC_C_LANGUAGE_STANDARD = gnu11;
				GCC_NO_COMMON_BLOCKS = YES;
				GCC_WARN_64_TO_32_BIT_CONVERSION = YES;
				GCC_WARN_ABOUT_RETURN_TYPE = YES_ERROR;
				GCC_WARN_UNDECLARED_SELECTOR = YES;
				GCC_WARN_UNINITIALIZED_AUTOS = YES_AGGRESSIVE;
				GCC_WARN_UNUSED_FUNCTION = YES;
				GCC_WARN_UNUSED_VARIABLE = YES;
				IPHONEOS_DEPLOYMENT_TARGET = 12.4;
				MTL_ENABLE_DEBUG_INFO = NO;
				MTL_FAST_MATH = YES;
				SDKROOT = iphoneos;
				SWIFT_COMPILATION_MODE = wholemodule;
				SWIFT_OPTIMIZATION_LEVEL = "-O";
				VALIDATE_PRODUCT = YES;
			};
			name = Release;
		};
		F7D02A4E2330CAEE00DFFC55 /* Debug */ = {
			isa = XCBuildConfiguration;
			baseConfigurationReference = 02313C7B2D15F6C6A6370C53 /* Pods-makuy.debug.xcconfig */;
			buildSettings = {
				ASSETCATALOG_COMPILER_APPICON_NAME = AppIcon;
				CODE_SIGN_STYLE = Automatic;
				DEVELOPMENT_TEAM = 5BTQXWQ8C2;
				INFOPLIST_FILE = makuy/Info.plist;
				LD_RUNPATH_SEARCH_PATHS = (
					"$(inherited)",
					"@executable_path/Frameworks",
				);
				PRODUCT_BUNDLE_IDENTIFIER = racob.makuy;
				PRODUCT_NAME = "$(TARGET_NAME)";
				SWIFT_VERSION = 5.0;
				TARGETED_DEVICE_FAMILY = "1,2";
			};
			name = Debug;
		};
		F7D02A4F2330CAEE00DFFC55 /* Release */ = {
			isa = XCBuildConfiguration;
			baseConfigurationReference = D7A6501EAAE1024633090C7E /* Pods-makuy.release.xcconfig */;
			buildSettings = {
				ASSETCATALOG_COMPILER_APPICON_NAME = AppIcon;
				CODE_SIGN_STYLE = Automatic;
				DEVELOPMENT_TEAM = 5BTQXWQ8C2;
				INFOPLIST_FILE = makuy/Info.plist;
				LD_RUNPATH_SEARCH_PATHS = (
					"$(inherited)",
					"@executable_path/Frameworks",
				);
				PRODUCT_BUNDLE_IDENTIFIER = racob.makuy;
				PRODUCT_NAME = "$(TARGET_NAME)";
				SWIFT_VERSION = 5.0;
				TARGETED_DEVICE_FAMILY = "1,2";
			};
			name = Release;
		};
		F7D02A512330CAEE00DFFC55 /* Debug */ = {
			isa = XCBuildConfiguration;
			baseConfigurationReference = 67FAACCD4EC60501C868A307 /* Pods-makuyTests.debug.xcconfig */;
			buildSettings = {
				ALWAYS_EMBED_SWIFT_STANDARD_LIBRARIES = YES;
				BUNDLE_LOADER = "$(TEST_HOST)";
				CODE_SIGN_STYLE = Automatic;
				DEVELOPMENT_TEAM = 5BTQXWQ8C2;
				INFOPLIST_FILE = makuyTests/Info.plist;
				LD_RUNPATH_SEARCH_PATHS = (
					"$(inherited)",
					"@executable_path/Frameworks",
					"@loader_path/Frameworks",
				);
				PRODUCT_BUNDLE_IDENTIFIER = racob.makuyTests;
				PRODUCT_NAME = "$(TARGET_NAME)";
				SWIFT_VERSION = 5.0;
				TARGETED_DEVICE_FAMILY = "1,2";
				TEST_HOST = "$(BUILT_PRODUCTS_DIR)/makuy.app/makuy";
			};
			name = Debug;
		};
		F7D02A522330CAEE00DFFC55 /* Release */ = {
			isa = XCBuildConfiguration;
			baseConfigurationReference = 016DD927D03FDE592E47EF86 /* Pods-makuyTests.release.xcconfig */;
			buildSettings = {
				ALWAYS_EMBED_SWIFT_STANDARD_LIBRARIES = YES;
				BUNDLE_LOADER = "$(TEST_HOST)";
				CODE_SIGN_STYLE = Automatic;
				DEVELOPMENT_TEAM = 5BTQXWQ8C2;
				INFOPLIST_FILE = makuyTests/Info.plist;
				LD_RUNPATH_SEARCH_PATHS = (
					"$(inherited)",
					"@executable_path/Frameworks",
					"@loader_path/Frameworks",
				);
				PRODUCT_BUNDLE_IDENTIFIER = racob.makuyTests;
				PRODUCT_NAME = "$(TARGET_NAME)";
				SWIFT_VERSION = 5.0;
				TARGETED_DEVICE_FAMILY = "1,2";
				TEST_HOST = "$(BUILT_PRODUCTS_DIR)/makuy.app/makuy";
			};
			name = Release;
		};
		F7D02A542330CAEE00DFFC55 /* Debug */ = {
			isa = XCBuildConfiguration;
			baseConfigurationReference = D2E9E5756B5EF5532EE6ACE2 /* Pods-makuy-makuyUITests.debug.xcconfig */;
			buildSettings = {
				ALWAYS_EMBED_SWIFT_STANDARD_LIBRARIES = YES;
				CODE_SIGN_STYLE = Automatic;
				DEVELOPMENT_TEAM = 5BTQXWQ8C2;
				INFOPLIST_FILE = makuyUITests/Info.plist;
				LD_RUNPATH_SEARCH_PATHS = (
					"$(inherited)",
					"@executable_path/Frameworks",
					"@loader_path/Frameworks",
				);
				PRODUCT_BUNDLE_IDENTIFIER = racob.makuyUITests;
				PRODUCT_NAME = "$(TARGET_NAME)";
				SWIFT_VERSION = 5.0;
				TARGETED_DEVICE_FAMILY = "1,2";
				TEST_TARGET_NAME = makuy;
			};
			name = Debug;
		};
		F7D02A552330CAEE00DFFC55 /* Release */ = {
			isa = XCBuildConfiguration;
			baseConfigurationReference = 03660116C8E1A693F44D406C /* Pods-makuy-makuyUITests.release.xcconfig */;
			buildSettings = {
				ALWAYS_EMBED_SWIFT_STANDARD_LIBRARIES = YES;
				CODE_SIGN_STYLE = Automatic;
				DEVELOPMENT_TEAM = 5BTQXWQ8C2;
				INFOPLIST_FILE = makuyUITests/Info.plist;
				LD_RUNPATH_SEARCH_PATHS = (
					"$(inherited)",
					"@executable_path/Frameworks",
					"@loader_path/Frameworks",
				);
				PRODUCT_BUNDLE_IDENTIFIER = racob.makuyUITests;
				PRODUCT_NAME = "$(TARGET_NAME)";
				SWIFT_VERSION = 5.0;
				TARGETED_DEVICE_FAMILY = "1,2";
				TEST_TARGET_NAME = makuy;
			};
			name = Release;
		};
/* End XCBuildConfiguration section */

/* Begin XCConfigurationList section */
		F7D02A1D2330CAEC00DFFC55 /* Build configuration list for PBXProject "makuy" */ = {
			isa = XCConfigurationList;
			buildConfigurations = (
				F7D02A4B2330CAEE00DFFC55 /* Debug */,
				F7D02A4C2330CAEE00DFFC55 /* Release */,
			);
			defaultConfigurationIsVisible = 0;
			defaultConfigurationName = Release;
		};
		F7D02A4D2330CAEE00DFFC55 /* Build configuration list for PBXNativeTarget "makuy" */ = {
			isa = XCConfigurationList;
			buildConfigurations = (
				F7D02A4E2330CAEE00DFFC55 /* Debug */,
				F7D02A4F2330CAEE00DFFC55 /* Release */,
			);
			defaultConfigurationIsVisible = 0;
			defaultConfigurationName = Release;
		};
		F7D02A502330CAEE00DFFC55 /* Build configuration list for PBXNativeTarget "makuyTests" */ = {
			isa = XCConfigurationList;
			buildConfigurations = (
				F7D02A512330CAEE00DFFC55 /* Debug */,
				F7D02A522330CAEE00DFFC55 /* Release */,
			);
			defaultConfigurationIsVisible = 0;
			defaultConfigurationName = Release;
		};
		F7D02A532330CAEE00DFFC55 /* Build configuration list for PBXNativeTarget "makuyUITests" */ = {
			isa = XCConfigurationList;
			buildConfigurations = (
				F7D02A542330CAEE00DFFC55 /* Debug */,
				F7D02A552330CAEE00DFFC55 /* Release */,
			);
			defaultConfigurationIsVisible = 0;
			defaultConfigurationName = Release;
		};
/* End XCConfigurationList section */

/* Begin XCVersionGroup section */
		F7D02A2C2330CAEC00DFFC55 /* makuy.xcdatamodeld */ = {
			isa = XCVersionGroup;
			children = (
				F7D02A2D2330CAEC00DFFC55 /* makuy.xcdatamodel */,
			);
			currentVersion = F7D02A2D2330CAEC00DFFC55 /* makuy.xcdatamodel */;
			path = makuy.xcdatamodeld;
			sourceTree = "<group>";
			versionGroupType = wrapper.xcdatamodel;
		};
/* End XCVersionGroup section */
	};
	rootObject = F7D02A1A2330CAEC00DFFC55 /* Project object */;
}
